{
    "_readme": [
        "This file locks the dependencies of your project to a known state",
        "Read more about it at https://getcomposer.org/doc/01-basic-usage.md#installing-dependencies",
        "This file is @generated automatically"
    ],
    "content-hash": "d5e01b63250ba4973c245854d0d4b27a",
    "packages": [
        {
            "name": "php-etl/bucket-contracts",
            "version": "dev-main",
            "source": {
                "type": "git",
                "url": "https://github.com/php-etl/bucket-contracts.git",
                "reference": "ecd7e0c901a5b5557828eb8ade9358449bf7d260"
            },
            "dist": {
                "type": "zip",
                "url": "https://api.github.com/repos/php-etl/bucket-contracts/zipball/ecd7e0c901a5b5557828eb8ade9358449bf7d260",
                "reference": "ecd7e0c901a5b5557828eb8ade9358449bf7d260",
                "shasum": ""
            },
            "require": {
                "php": "^8.4"
            },
            "require-dev": {
                "friendsofphp/php-cs-fixer": "^3.38",
                "phpstan/phpstan": "^2.2",
                "rector/rector": "^2.0"
            },
            "default-branch": true,
            "type": "library",
            "extra": {
                "branch-alias": {
                    "dev-main": "0.3.x-dev",
                    "dev-next": "0.3.x-dev"
                }
            },
            "autoload": {
                "psr-4": {
                    "Kiboko\\Contract\\Bucket\\": "src/"
                }
            },
            "notification-url": "https://packagist.org/downloads/",
            "license": [
                "MIT"
            ],
            "authors": [
                {
                    "name": "Kiboko SAS",
                    "homepage": "http://kiboko.fr"
                },
                {
                    "name": "Grégory Planchat",
                    "email": "gregory@kiboko.fr"
                }
            ],
            "description": "This library describes contracts for the data-interchange buckets.",
            "support": {
                "issues": "https://github.com/php-etl/bucket-contracts/issues",
                "source": "https://github.com/php-etl/bucket-contracts/tree/main"
            },
            "time": "2026-03-11T13:39:28+00:00"
        },
        {
            "name": "php-etl/hook-runtime",
            "version": "dev-main",
            "source": {
                "type": "git",
                "url": "https://github.com/php-etl/hook-runtime.git",
                "reference": "0d4e459b22f354420e516efadccd9aac742942ae"
            },
            "dist": {
                "type": "zip",
                "url": "https://api.github.com/repos/php-etl/hook-runtime/zipball/0d4e459b22f354420e516efadccd9aac742942ae",
                "reference": "0d4e459b22f354420e516efadccd9aac742942ae",
                "shasum": ""
            },
            "require": {
                "php": "^8.4",
                "php-etl/pipeline-contracts": "0.5.*",
                "psr/container": "^1.0"
            },
            "default-branch": true,
            "type": "library",
            "extra": {
                "branch-alias": {
                    "dev-main": "0.3.x-dev"
                }
            },
            "autoload": {
                "psr-4": {
                    "Kiboko\\Component\\Runtime\\Hook\\": "src/"
                }
            },
            "notification-url": "https://packagist.org/downloads/",
            "license": [
                "MIT"
            ],
            "authors": [
                {
                    "name": "Grégory Planchat",
                    "email": "gregory@kiboko.fr"
                }
            ],
            "description": "This library allows you to use the hook runtime",
            "support": {
                "issues": "https://github.com/php-etl/hook-runtime/issues",
                "source": "https://github.com/php-etl/hook-runtime/tree/main"
            },
            "time": "2026-03-11T13:09:07+00:00"
        },
        {
            "name": "php-etl/pipeline-contracts",
            "version": "dev-main",
            "source": {
                "type": "git",
                "url": "https://github.com/php-etl/pipeline-contracts.git",
                "reference": "ab525e9e4fa01b20782045310a50c1870eda4b81"
            },
            "dist": {
                "type": "zip",
                "url": "https://api.github.com/repos/php-etl/pipeline-contracts/zipball/ab525e9e4fa01b20782045310a50c1870eda4b81",
                "reference": "ab525e9e4fa01b20782045310a50c1870eda4b81",
                "shasum": ""
            },
            "require": {
                "php": "^8.4",
                "php-etl/bucket-contracts": "0.3.*",
                "php-etl/satellite-contracts": "0.1.*"
            },
            "require-dev": {
                "friendsofphp/php-cs-fixer": "^3.38",
                "phpstan/phpstan": "^2.2",
                "rector/rector": "^2.0"
            },
            "default-branch": true,
            "type": "library",
            "extra": {
                "branch-alias": {
                    "dev-main": "0.5.x-dev",
                    "dev-next": "0.5.x-dev"
                }
            },
            "autoload": {
                "psr-4": {
                    "Kiboko\\Contract\\Pipeline\\": "src/"
                }
            },
            "notification-url": "https://packagist.org/downloads/",
            "license": [
                "MIT"
            ],
            "authors": [
                {
                    "name": "Kiboko SAS",
                    "homepage": "http://kiboko.fr"
                },
                {
                    "name": "Grégory Planchat",
                    "email": "gregory@kiboko.fr"
                }
            ],
            "description": "This library describes contracts for the Extract-Transform-Load pattern.",
            "support": {
                "issues": "https://github.com/php-etl/pipeline-contracts/issues",
                "source": "https://github.com/php-etl/pipeline-contracts/tree/main"
            },
            "time": "2026-03-11T13:09:07+00:00"
        },
        {
            "name": "php-etl/satellite-contracts",
            "version": "dev-main",
            "source": {
                "type": "git",
                "url": "https://github.com/php-etl/satellite-contracts.git",
                "reference": "d59514d902ae3e14af16a14832d35e41576c1370"
            },
            "dist": {
                "type": "zip",
                "url": "https://api.github.com/repos/php-etl/satellite-contracts/zipball/d59514d902ae3e14af16a14832d35e41576c1370",
                "reference": "d59514d902ae3e14af16a14832d35e41576c1370",
                "shasum": ""
            },
            "require": {
                "php": "^8.4"
            },
            "require-dev": {
                "rector/rector": "^2.0"
            },
            "default-branch": true,
            "type": "library",
            "extra": {
                "branch-alias": {
                    "dev-main": "0.1.x-dev",
                    "dev-next": "0.1.x-dev"
                }
            },
            "autoload": {
                "psr-4": {
                    "Kiboko\\Contract\\Satellite\\": "src/"
                }
            },
            "notification-url": "https://packagist.org/downloads/",
            "license": [
                "MIT"
            ],
            "authors": [
                {
                    "name": "Kiboko SAS",
                    "homepage": "http://kiboko.fr"
                },
                {
                    "name": "Grégory Planchat",
                    "email": "gregory@kiboko.fr"
                }
            ],
            "description": "This library describes contracts for defining satellite formats",
            "support": {
                "issues": "https://github.com/php-etl/satellite-contracts/issues",
                "source": "https://github.com/php-etl/satellite-contracts/tree/main"
            },
            "time": "2026-03-11T01:36:54+00:00"
        },
        {
            "name": "psr/container",
            "version": "1.x-dev",
            "source": {
                "type": "git",
                "url": "https://github.com/php-fig/container.git",
                "reference": "513e0666f7216c7459170d56df27dfcefe1689ea"
            },
            "dist": {
                "type": "zip",
                "url": "https://api.github.com/repos/php-fig/container/zipball/513e0666f7216c7459170d56df27dfcefe1689ea",
                "reference": "513e0666f7216c7459170d56df27dfcefe1689ea",
                "shasum": ""
            },
            "require": {
                "php": ">=7.4.0"
            },
            "type": "library",
            "autoload": {
                "psr-4": {
                    "Psr\\Container\\": "src/"
                }
            },
            "notification-url": "https://packagist.org/downloads/",
            "license": [
                "MIT"
            ],
            "authors": [
                {
                    "name": "PHP-FIG",
                    "homepage": "https://www.php-fig.org/"
                }
            ],
            "description": "Common Container Interface (PHP FIG PSR-11)",
            "homepage": "https://github.com/php-fig/container",
            "keywords": [
                "PSR-11",
                "container",
                "container-interface",
                "container-interop",
                "psr"
            ],
            "support": {
                "issues": "https://github.com/php-fig/container/issues",
                "source": "https://github.com/php-fig/container/tree/1.1.2"
            },
            "time": "2021-11-05T16:50:12+00:00"
        }
    ],
    "packages-dev": [],
    "aliases": [],
    "minimum-stability": "dev",
    "stability-flags": {},
    "prefer-stable": false,
    "prefer-lowest": false,
    "platform": {
        "php": "^8.4"
    },
    "platform-dev": {},
    "plugin-api-version": "2.9.0"
}
