{
    "_readme": [
        "This file locks the dependencies of your project to a known state",
        "Read more about it at https://getcomposer.org/doc/01-basic-usage.md#installing-dependencies",
        "This file is @generated automatically"
    ],
    "content-hash": "90f3f68438707221d42568a9507bea69",
    "packages": [
        {
            "name": "php-etl/bucket-contracts",
            "version": "dev-main",
            "source": {
                "type": "git",
                "url": "https://github.com/php-etl/bucket-contracts.git",
                "reference": "d6fec2fdba9b1f4d658402e3a7b1177d4406928b"
            },
            "dist": {
                "type": "zip",
                "url": "https://api.github.com/repos/php-etl/bucket-contracts/zipball/d6fec2fdba9b1f4d658402e3a7b1177d4406928b",
                "reference": "d6fec2fdba9b1f4d658402e3a7b1177d4406928b",
                "shasum": ""
            },
            "require": {
                "php": "^8.2"
            },
            "require-dev": {
                "friendsofphp/php-cs-fixer": "^3.38",
                "phpstan/phpstan": "^1.10",
                "rector/rector": "^0.15"
            },
            "default-branch": true,
            "type": "library",
            "extra": {
                "branch-alias": {
                    "dev-main": "0.3.x-dev"
                }
            },
            "autoload": {
                "psr-4": {
                    "Kiboko\\Contract\\Bucket\\": "src/"
                }
            },
            "notification-url": "https://packagist.org/downloads/",
            "license": [
                "MIT"
            ],
            "authors": [
                {
                    "name": "Kiboko SAS",
                    "homepage": "http://kiboko.fr"
                },
                {
                    "name": "Grégory Planchat",
                    "email": "gregory@kiboko.fr"
                }
            ],
            "description": "This library describes contracts for the data-interchange buckets.",
            "support": {
                "issues": "https://github.com/php-etl/bucket-contracts/issues",
                "source": "https://github.com/php-etl/bucket-contracts/tree/main"
            },
            "time": "2023-11-16T14:02:42+00:00"
        },
        {
            "name": "php-etl/hook-runtime",
            "version": "dev-main",
            "source": {
                "type": "git",
                "url": "https://github.com/php-etl/hook-runtime.git",
                "reference": "2eee14ea177b38123ca5c24c69201987311c6a98"
            },
            "dist": {
                "type": "zip",
                "url": "https://api.github.com/repos/php-etl/hook-runtime/zipball/2eee14ea177b38123ca5c24c69201987311c6a98",
                "reference": "2eee14ea177b38123ca5c24c69201987311c6a98",
                "shasum": ""
            },
            "require": {
                "php": "^8.2",
                "php-etl/pipeline-contracts": "0.5.*",
                "psr/container": "^1.0"
            },
            "default-branch": true,
            "type": "library",
            "extra": {
                "branch-alias": {
                    "dev-main": "0.3.x-dev"
                }
            },
            "autoload": {
                "psr-4": {
                    "Kiboko\\Component\\Runtime\\Hook\\": "src/"
                }
            },
            "notification-url": "https://packagist.org/downloads/",
            "license": [
                "MIT"
            ],
            "authors": [
                {
                    "name": "Grégory Planchat",
                    "email": "gregory@kiboko.fr"
                }
            ],
            "description": "This library allows you to use the hook runtime",
            "support": {
                "issues": "https://github.com/php-etl/hook-runtime/issues",
                "source": "https://github.com/php-etl/hook-runtime/tree/main"
            },
            "time": "2023-11-16T15:20:14+00:00"
        },
        {
            "name": "php-etl/pipeline-contracts",
            "version": "dev-main",
            "source": {
                "type": "git",
                "url": "https://github.com/php-etl/pipeline-contracts.git",
                "reference": "3bc148042c060119225a7b26265322198e9b572d"
            },
            "dist": {
                "type": "zip",
                "url": "https://api.github.com/repos/php-etl/pipeline-contracts/zipball/3bc148042c060119225a7b26265322198e9b572d",
                "reference": "3bc148042c060119225a7b26265322198e9b572d",
                "shasum": ""
            },
            "require": {
                "php": "^8.2",
                "php-etl/bucket-contracts": "0.3.*",
                "php-etl/satellite-contracts": "0.1.*"
            },
            "require-dev": {
                "friendsofphp/php-cs-fixer": "^3.38",
                "phpstan/phpstan": "^1.10",
                "rector/rector": "^0.15"
            },
            "default-branch": true,
            "type": "library",
            "extra": {
                "branch-alias": {
                    "dev-main": "0.5.x-dev"
                }
            },
            "autoload": {
                "psr-4": {
                    "Kiboko\\Contract\\Pipeline\\": "src/"
                }
            },
            "notification-url": "https://packagist.org/downloads/",
            "license": [
                "MIT"
            ],
            "authors": [
                {
                    "name": "Kiboko SAS",
                    "homepage": "http://kiboko.fr"
                },
                {
                    "name": "Grégory Planchat",
                    "email": "gregory@kiboko.fr"
                }
            ],
            "description": "This library describes contracts for the Extract-Transform-Load pattern.",
            "support": {
                "issues": "https://github.com/php-etl/pipeline-contracts/issues",
                "source": "https://github.com/php-etl/pipeline-contracts/tree/main"
            },
            "time": "2023-11-16T14:04:31+00:00"
        },
        {
            "name": "php-etl/satellite-contracts",
            "version": "dev-main",
            "source": {
                "type": "git",
                "url": "https://github.com/php-etl/satellite-contracts.git",
                "reference": "c7225e02eccd7351f5fb7888b394906e99dcabe6"
            },
            "dist": {
                "type": "zip",
                "url": "https://api.github.com/repos/php-etl/satellite-contracts/zipball/c7225e02eccd7351f5fb7888b394906e99dcabe6",
                "reference": "c7225e02eccd7351f5fb7888b394906e99dcabe6",
                "shasum": ""
            },
            "require": {
                "php": "^8.2"
            },
            "require-dev": {
                "rector/rector": "^0.15"
            },
            "default-branch": true,
            "type": "library",
            "extra": {
                "branch-alias": {
                    "dev-main": "0.1.x-dev"
                }
            },
            "autoload": {
                "psr-4": {
                    "Kiboko\\Contract\\Satellite\\": "src/"
                }
            },
            "notification-url": "https://packagist.org/downloads/",
            "license": [
                "MIT"
            ],
            "authors": [
                {
                    "name": "Kiboko SAS",
                    "homepage": "http://kiboko.fr"
                },
                {
                    "name": "Grégory Planchat",
                    "email": "gregory@kiboko.fr"
                }
            ],
            "description": "This library describes contracts for defining satellite formats",
            "support": {
                "issues": "https://github.com/php-etl/satellite-contracts/issues",
                "source": "https://github.com/php-etl/satellite-contracts/tree/main"
            },
            "time": "2023-11-16T14:04:49+00:00"
        },
        {
            "name": "psr/container",
            "version": "1.x-dev",
            "source": {
                "type": "git",
                "url": "https://github.com/php-fig/container.git",
                "reference": "513e0666f7216c7459170d56df27dfcefe1689ea"
            },
            "dist": {
                "type": "zip",
                "url": "https://api.github.com/repos/php-fig/container/zipball/513e0666f7216c7459170d56df27dfcefe1689ea",
                "reference": "513e0666f7216c7459170d56df27dfcefe1689ea",
                "shasum": ""
            },
            "require": {
                "php": ">=7.4.0"
            },
            "type": "library",
            "autoload": {
                "psr-4": {
                    "Psr\\Container\\": "src/"
                }
            },
            "notification-url": "https://packagist.org/downloads/",
            "license": [
                "MIT"
            ],
            "authors": [
                {
                    "name": "PHP-FIG",
                    "homepage": "https://www.php-fig.org/"
                }
            ],
            "description": "Common Container Interface (PHP FIG PSR-11)",
            "homepage": "https://github.com/php-fig/container",
            "keywords": [
                "PSR-11",
                "container",
                "container-interface",
                "container-interop",
                "psr"
            ],
            "support": {
                "issues": "https://github.com/php-fig/container/issues",
                "source": "https://github.com/php-fig/container/tree/1.1.2"
            },
            "time": "2021-11-05T16:50:12+00:00"
        }
    ],
    "packages-dev": [],
    "aliases": [],
    "minimum-stability": "dev",
    "stability-flags": [],
    "prefer-stable": false,
    "prefer-lowest": false,
    "platform": {
        "php": "^8.2"
    },
    "platform-dev": [],
    "plugin-api-version": "2.3.0"
}
